
Microsoft Visual Studio Solution File, Format Version 12.00
# Visual Studio 15
VisualStudioVersion = 15.0.26124.0
MinimumVisualStudioVersion = 15.0.26124.0
Project("{FAE04EC0-301F-11D3-BF4B-00C04F79EFBC}") = "GameTOP", "GameTOP\GameTOP.csproj", "{815DB71A-3AD5-4377-843E-B00BF0B8CEB7}"
EndProject
Project("{FAE04EC0-301F-11D3-BF4B-00C04F79EFBC}") = "GameTOP.Lib", "GameTOP.Lib\GameTOP.Lib.csproj", "{4C2614B3-996E-4F12-BE20-45B174D85594}"
EndProject
Project("{FAE04EC0-301F-11D3-BF4B-00C04F79EFBC}") = "GameTOP.Interface", "GameTOP.Interface\GameTOP.Interface.csproj", "{BCA17603-7C7E-4532-BAF3-272FCE82277B}"
EndProject
Global
	GlobalSection(SolutionConfigurationPlatforms) = preSolution
		Debug|Any CPU = Debug|Any CPU
		Debug|x64 = Debug|x64
		Debug|x86 = Debug|x86
		Release|Any CPU = Release|Any CPU
		Release|x64 = Release|x64
		Release|x86 = Release|x86
	EndGlobalSection
	GlobalSection(SolutionProperties) = preSolution
		HideSolutionNode = FALSE
	EndGlobalSection
	GlobalSection(ProjectConfigurationPlatforms) = postSolution
		{815DB71A-3AD5-4377-843E-B00BF0B8CEB7}.Debug|Any CPU.ActiveCfg = Debug|Any CPU
		{815DB71A-3AD5-4377-843E-B00BF0B8CEB7}.Debug|Any CPU.Build.0 = Debug|Any CPU
		{815DB71A-3AD5-4377-843E-B00BF0B8CEB7}.Debug|x64.ActiveCfg = Debug|Any CPU
		{815DB71A-3AD5-4377-843E-B00BF0B8CEB7}.Debug|x64.Build.0 = Debug|Any CPU
		{815DB71A-3AD5-4377-843E-B00BF0B8CEB7}.Debug|x86.ActiveCfg = Debug|Any CPU
		{815DB71A-3AD5-4377-843E-B00BF0B8CEB7}.Debug|x86.Build.0 = Debug|Any CPU
		{815DB71A-3AD5-4377-843E-B00BF0B8CEB7}.Release|Any CPU.ActiveCfg = Release|Any CPU
		{815DB71A-3AD5-4377-843E-B00BF0B8CEB7}.Release|Any CPU.Build.0 = Release|Any CPU
		{815DB71A-3AD5-4377-843E-B00BF0B8CEB7}.Release|x64.ActiveCfg = Release|Any CPU
		{815DB71A-3AD5-4377-843E-B00BF0B8CEB7}.Release|x64.Build.0 = Release|Any CPU
		{815DB71A-3AD5-4377-843E-B00BF0B8CEB7}.Release|x86.ActiveCfg = Release|Any CPU
		{815DB71A-3AD5-4377-843E-B00BF0B8CEB7}.Release|x86.Build.0 = Release|Any CPU
		{4C2614B3-996E-4F12-BE20-45B174D85594}.Debug|Any CPU.ActiveCfg = Debug|Any CPU
		{4C2614B3-996E-4F12-BE20-45B174D85594}.Debug|Any CPU.Build.0 = Debug|Any CPU
		{4C2614B3-996E-4F12-BE20-45B174D85594}.Debug|x64.ActiveCfg = Debug|Any CPU
		{4C2614B3-996E-4F12-BE20-45B174D85594}.Debug|x64.Build.0 = Debug|Any CPU
		{4C2614B3-996E-4F12-BE20-45B174D85594}.Debug|x86.ActiveCfg = Debug|Any CPU
		{4C2614B3-996E-4F12-BE20-45B174D85594}.Debug|x86.Build.0 = Debug|Any CPU
		{4C2614B3-996E-4F12-BE20-45B174D85594}.Release|Any CPU.ActiveCfg = Release|Any CPU
		{4C2614B3-996E-4F12-BE20-45B174D85594}.Release|Any CPU.Build.0 = Release|Any CPU
		{4C2614B3-996E-4F12-BE20-45B174D85594}.Release|x64.ActiveCfg = Release|Any CPU
		{4C2614B3-996E-4F12-BE20-45B174D85594}.Release|x64.Build.0 = Release|Any CPU
		{4C2614B3-996E-4F12-BE20-45B174D85594}.Release|x86.ActiveCfg = Release|Any CPU
		{4C2614B3-996E-4F12-BE20-45B174D85594}.Release|x86.Build.0 = Release|Any CPU
		{BCA17603-7C7E-4532-BAF3-272FCE82277B}.Debug|Any CPU.ActiveCfg = Debug|Any CPU
		{BCA17603-7C7E-4532-BAF3-272FCE82277B}.Debug|Any CPU.Build.0 = Debug|Any CPU
		{BCA17603-7C7E-4532-BAF3-272FCE82277B}.Debug|x64.ActiveCfg = Debug|Any CPU
		{BCA17603-7C7E-4532-BAF3-272FCE82277B}.Debug|x64.Build.0 = Debug|Any CPU
		{BCA17603-7C7E-4532-BAF3-272FCE82277B}.Debug|x86.ActiveCfg = Debug|Any CPU
		{BCA17603-7C7E-4532-BAF3-272FCE82277B}.Debug|x86.Build.0 = Debug|Any CPU
		{BCA17603-7C7E-4532-BAF3-272FCE82277B}.Release|Any CPU.ActiveCfg = Release|Any CPU
		{BCA17603-7C7E-4532-BAF3-272FCE82277B}.Release|Any CPU.Build.0 = Release|Any CPU
		{BCA17603-7C7E-4532-BAF3-272FCE82277B}.Release|x64.ActiveCfg = Release|Any CPU
		{BCA17603-7C7E-4532-BAF3-272FCE82277B}.Release|x64.Build.0 = Release|Any CPU
		{BCA17603-7C7E-4532-BAF3-272FCE82277B}.Release|x86.ActiveCfg = Release|Any CPU
		{BCA17603-7C7E-4532-BAF3-272FCE82277B}.Release|x86.Build.0 = Release|Any CPU
	EndGlobalSection
EndGlobal
